
Microsoft Visual Studio Solution File, Format Version 12.00
# Visual Studio Version 16
VisualStudioVersion = 16.0.29306.81
MinimumVisualStudioVersion = 10.0.40219.1
Project("{8BC9CEB8-8B4A-11D0-8D11-00A0C91BC942}") = "GPIOHandler", "ConsoleApplication1.vcxproj", "{6DC6CF66-E775-44CA-B445-2C5BA37E07E0}"
EndProject
Project("{8BC9CEB8-8B4A-11D0-8D11-00A0C91BC942}") = "GOOGLE_TEST", "..\GOOGLE_TEST\GOOGLE_TEST.vcxproj", "{8E034ED7-1A8C-4356-93BF-D6CF2BD604FC}"
EndProject
Project("{8BC9CEB8-8B4A-11D0-8D11-00A0C91BC942}") = "TESTBOOST", "..\TESTBOOST\TESTBOOST.vcxproj", "{7082638A-3FEA-4A3C-BD97-22C903B3548B}"
EndProject
Global
	GlobalSection(SolutionConfigurationPlatforms) = preSolution
		Debug|ARM = Debug|ARM
		Debug|ARM64 = Debug|ARM64
		Debug|x64 = Debug|x64
		Debug|x86 = Debug|x86
		Release|ARM = Release|ARM
		Release|ARM64 = Release|ARM64
		Release|x64 = Release|x64
		Release|x86 = Release|x86
	EndGlobalSection
	GlobalSection(ProjectConfigurationPlatforms) = postSolution
		{6DC6CF66-E775-44CA-B445-2C5BA37E07E0}.Debug|ARM.ActiveCfg = Debug|ARM
		{6DC6CF66-E775-44CA-B445-2C5BA37E07E0}.Debug|ARM.Build.0 = Debug|ARM
		{6DC6CF66-E775-44CA-B445-2C5BA37E07E0}.Debug|ARM.Deploy.0 = Debug|ARM
		{6DC6CF66-E775-44CA-B445-2C5BA37E07E0}.Debug|ARM64.ActiveCfg = Debug|ARM64
		{6DC6CF66-E775-44CA-B445-2C5BA37E07E0}.Debug|ARM64.Build.0 = Debug|ARM64
		{6DC6CF66-E775-44CA-B445-2C5BA37E07E0}.Debug|ARM64.Deploy.0 = Debug|ARM64
		{6DC6CF66-E775-44CA-B445-2C5BA37E07E0}.Debug|x64.ActiveCfg = Debug|x64
		{6DC6CF66-E775-44CA-B445-2C5BA37E07E0}.Debug|x64.Build.0 = Debug|x64
		{6DC6CF66-E775-44CA-B445-2C5BA37E07E0}.Debug|x64.Deploy.0 = Debug|x64
		{6DC6CF66-E775-44CA-B445-2C5BA37E07E0}.Debug|x86.ActiveCfg = Debug|x86
		{6DC6CF66-E775-44CA-B445-2C5BA37E07E0}.Debug|x86.Build.0 = Debug|x86
		{6DC6CF66-E775-44CA-B445-2C5BA37E07E0}.Debug|x86.Deploy.0 = Debug|x86
		{6DC6CF66-E775-44CA-B445-2C5BA37E07E0}.Release|ARM.ActiveCfg = Release|ARM
		{6DC6CF66-E775-44CA-B445-2C5BA37E07E0}.Release|ARM.Build.0 = Release|ARM
		{6DC6CF66-E775-44CA-B445-2C5BA37E07E0}.Release|ARM.Deploy.0 = Release|ARM
		{6DC6CF66-E775-44CA-B445-2C5BA37E07E0}.Release|ARM64.ActiveCfg = Release|ARM64
		{6DC6CF66-E775-44CA-B445-2C5BA37E07E0}.Release|ARM64.Build.0 = Release|ARM64
		{6DC6CF66-E775-44CA-B445-2C5BA37E07E0}.Release|ARM64.Deploy.0 = Release|ARM64
		{6DC6CF66-E775-44CA-B445-2C5BA37E07E0}.Release|x64.ActiveCfg = Release|x64
		{6DC6CF66-E775-44CA-B445-2C5BA37E07E0}.Release|x64.Build.0 = Release|x64
		{6DC6CF66-E775-44CA-B445-2C5BA37E07E0}.Release|x64.Deploy.0 = Release|x64
		{6DC6CF66-E775-44CA-B445-2C5BA37E07E0}.Release|x86.ActiveCfg = Release|x86
		{6DC6CF66-E775-44CA-B445-2C5BA37E07E0}.Release|x86.Build.0 = Release|x86
		{6DC6CF66-E775-44CA-B445-2C5BA37E07E0}.Release|x86.Deploy.0 = Release|x86
		{8E034ED7-1A8C-4356-93BF-D6CF2BD604FC}.Debug|ARM.ActiveCfg = Debug|Win32
		{8E034ED7-1A8C-4356-93BF-D6CF2BD604FC}.Debug|ARM64.ActiveCfg = Debug|Win32
		{8E034ED7-1A8C-4356-93BF-D6CF2BD604FC}.Debug|x64.ActiveCfg = Debug|x64
		{8E034ED7-1A8C-4356-93BF-D6CF2BD604FC}.Debug|x64.Build.0 = Debug|x64
		{8E034ED7-1A8C-4356-93BF-D6CF2BD604FC}.Debug|x86.ActiveCfg = Debug|Win32
		{8E034ED7-1A8C-4356-93BF-D6CF2BD604FC}.Debug|x86.Build.0 = Debug|Win32
		{8E034ED7-1A8C-4356-93BF-D6CF2BD604FC}.Release|ARM.ActiveCfg = Release|Win32
		{8E034ED7-1A8C-4356-93BF-D6CF2BD604FC}.Release|ARM64.ActiveCfg = Release|Win32
		{8E034ED7-1A8C-4356-93BF-D6CF2BD604FC}.Release|x64.ActiveCfg = Release|x64
		{8E034ED7-1A8C-4356-93BF-D6CF2BD604FC}.Release|x64.Build.0 = Release|x64
		{8E034ED7-1A8C-4356-93BF-D6CF2BD604FC}.Release|x86.ActiveCfg = Release|Win32
		{8E034ED7-1A8C-4356-93BF-D6CF2BD604FC}.Release|x86.Build.0 = Release|Win32
		{7082638A-3FEA-4A3C-BD97-22C903B3548B}.Debug|ARM.ActiveCfg = Debug|Win32
		{7082638A-3FEA-4A3C-BD97-22C903B3548B}.Debug|ARM64.ActiveCfg = Debug|Win32
		{7082638A-3FEA-4A3C-BD97-22C903B3548B}.Debug|x64.ActiveCfg = Debug|x64
		{7082638A-3FEA-4A3C-BD97-22C903B3548B}.Debug|x64.Build.0 = Debug|x64
		{7082638A-3FEA-4A3C-BD97-22C903B3548B}.Debug|x86.ActiveCfg = Debug|Win32
		{7082638A-3FEA-4A3C-BD97-22C903B3548B}.Debug|x86.Build.0 = Debug|Win32
		{7082638A-3FEA-4A3C-BD97-22C903B3548B}.Release|ARM.ActiveCfg = Release|Win32
		{7082638A-3FEA-4A3C-BD97-22C903B3548B}.Release|ARM64.ActiveCfg = Release|Win32
		{7082638A-3FEA-4A3C-BD97-22C903B3548B}.Release|x64.ActiveCfg = Release|x64
		{7082638A-3FEA-4A3C-BD97-22C903B3548B}.Release|x64.Build.0 = Release|x64
		{7082638A-3FEA-4A3C-BD97-22C903B3548B}.Release|x86.ActiveCfg = Release|Win32
		{7082638A-3FEA-4A3C-BD97-22C903B3548B}.Release|x86.Build.0 = Release|Win32
	EndGlobalSection
	GlobalSection(SolutionProperties) = preSolution
		HideSolutionNode = FALSE
	EndGlobalSection
	GlobalSection(ExtensibilityGlobals) = postSolution
		SolutionGuid = {92CAF56A-45A3-4756-8D89-7313EA611EB0}
	EndGlobalSection
EndGlobal
